# THIS IS AN AUTOGENERATED FILE. DO NOT EDIT THIS FILE DIRECTLY.
# yarn lockfile v1


"@babel/code-frame@^7.0.0":
  version "7.8.3"
  resolved "https://registry.yarnpkg.com/@babel/code-frame/-/code-frame-7.8.3.tgz#33e25903d7481181534e12ec0a25f16b6fcf419e"
  dependencies:
    "@babel/highlight" "^7.8.3"

"@babel/helper-validator-identifier@^7.9.0":
  version "7.9.0"
  resolved "https://registry.yarnpkg.com/@babel/helper-validator-identifier/-/helper-validator-identifier-7.9.0.tgz#ad53562a7fc29b3b9a91bbf7d10397fd146346ed"

"@babel/highlight@^7.8.3":
  version "7.9.0"
  resolved "https://registry.yarnpkg.com/@babel/highlight/-/highlight-7.9.0.tgz#4e9b45ccb82b79607271b2979ad82c7b68163079"
  dependencies:
    "@babel/helper-validator-identifier" "^7.9.0"
    chalk "^2.0.0"
    js-tokens "^4.0.0"

"@polka/url@^0.5.0":
  version "0.5.0"
  resolved "https://registry.yarnpkg.com/@polka/url/-/url-0.5.0.tgz#b21510597fd601e5d7c95008b76bf0d254ebfd31"

"@polka/url@^1.0.0-next.11":
  version "1.0.0-next.11"
  resolved "https://registry.yarnpkg.com/@polka/url/-/url-1.0.0-next.11.tgz#aeb16f50649a91af79dbe36574b66d0f9e4d9f71"

"@rollup/plugin-commonjs@^11.0.0":
  version "11.0.2"
  resolved "https://registry.yarnpkg.com/@rollup/plugin-commonjs/-/plugin-commonjs-11.0.2.tgz#837cc6950752327cb90177b608f0928a4e60b582"
  dependencies:
    "@rollup/pluginutils" "^3.0.0"
    estree-walker "^1.0.1"
    is-reference "^1.1.2"
    magic-string "^0.25.2"
    resolve "^1.11.0"

"@rollup/plugin-node-resolve@^7.0.0":
  version "7.1.1"
  resolved "https://registry.yarnpkg.com/@rollup/plugin-node-resolve/-/plugin-node-resolve-7.1.1.tgz#8c6e59c4b28baf9d223028d0e450e06a485bb2b7"
  dependencies:
    "@rollup/pluginutils" "^3.0.6"
    "@types/resolve" "0.0.8"
    builtin-modules "^3.1.0"
    is-module "^1.0.0"
    resolve "^1.14.2"

"@rollup/plugin-replace@^2.2.0":
  version "2.3.1"
  resolved "https://registry.yarnpkg.com/@rollup/plugin-replace/-/plugin-replace-2.3.1.tgz#16fb0563628f9e6c6ef9e05d48d3608916d466f5"
  dependencies:
    "@rollup/pluginutils" "^3.0.4"
    magic-string "^0.25.5"

"@rollup/pluginutils@^3.0.0", "@rollup/pluginutils@^3.0.4", "@rollup/pluginutils@^3.0.6":
  version "3.0.8"
  resolved "https://registry.yarnpkg.com/@rollup/pluginutils/-/pluginutils-3.0.8.tgz#4e94d128d94b90699e517ef045422960d18c8fde"
  dependencies:
    estree-walker "^1.0.1"

"@types/estree@*":
  version "0.0.44"
  resolved "https://registry.yarnpkg.com/@types/estree/-/estree-0.0.44.tgz#980cc5a29a3ef3bea6ff1f7d021047d7ea575e21"

"@types/estree@0.0.39":
  version "0.0.39"
  resolved "https://registry.yarnpkg.com/@types/estree/-/estree-0.0.39.tgz#e177e699ee1b8c22d23174caaa7422644389509f"

"@types/node@*":
  version "13.9.3"
  resolved "https://registry.yarnpkg.com/@types/node/-/node-13.9.3.tgz#6356df2647de9eac569f9a52eda3480fa9e70b4d"

"@types/resolve@0.0.8":
  version "0.0.8"
  resolved "https://registry.yarnpkg.com/@types/resolve/-/resolve-0.0.8.tgz#f26074d238e02659e323ce1a13d041eee280e194"
  dependencies:
    "@types/node" "*"

accepts@~1.3.5:
  version "1.3.7"
  resolved "https://registry.yarnpkg.com/accepts/-/accepts-1.3.7.tgz#531bc726517a3b2b41f850021c6cc15eaab507cd"
  dependencies:
    mime-types "~2.1.24"
    negotiator "0.6.2"

acorn@^7.1.0:
  version "7.1.1"
  resolved "https://registry.yarnpkg.com/acorn/-/acorn-7.1.1.tgz#e35668de0b402f359de515c5482a1ab9f89a69bf"

ansi-styles@^3.2.1:
  version "3.2.1"
  resolved "https://registry.yarnpkg.com/ansi-styles/-/ansi-styles-3.2.1.tgz#41fbb20243e50b12be0f04b8dedbf07520ce841d"
  dependencies:
    color-convert "^1.9.0"

balanced-match@^1.0.0:
  version "1.0.0"
  resolved "https://registry.yarnpkg.com/balanced-match/-/balanced-match-1.0.0.tgz#89b4d199ab2bee49de164ea02b89ce462d71b767"

brace-expansion@^1.1.7:
  version "1.1.11"
  resolved "https://registry.yarnpkg.com/brace-expansion/-/brace-expansion-1.1.11.tgz#3c7fcbf529d87226f3d2f52b966ff5271eb441dd"
  dependencies:
    balanced-match "^1.0.0"
    concat-map "0.0.1"

buffer-from@^1.0.0:
  version "1.1.1"
  resolved "https://registry.yarnpkg.com/buffer-from/-/buffer-from-1.1.1.tgz#32713bc028f75c02fdb710d7c7bcec1f2c6070ef"

builtin-modules@^3.1.0:
  version "3.1.0"
  resolved "https://registry.yarnpkg.com/builtin-modules/-/builtin-modules-3.1.0.tgz#aad97c15131eb76b65b50ef208e7584cd76a7484"

bytes@3.0.0:
  version "3.0.0"
  resolved "https://registry.yarnpkg.com/bytes/-/bytes-3.0.0.tgz#d32815404d689699f85a4ea4fa8755dd13a96048"

camel-case@^3.0.0:
  version "3.0.0"
  resolved "https://registry.yarnpkg.com/camel-case/-/camel-case-3.0.0.tgz#ca3c3688a4e9cf3a4cda777dc4dcbc713249cf73"
  dependencies:
    no-case "^2.2.0"
    upper-case "^1.1.1"

chalk@^2.0.0, chalk@^2.4.1:
  version "2.4.2"
  resolved "https://registry.yarnpkg.com/chalk/-/chalk-2.4.2.tgz#cd42541677a54333cf541a49108c1432b44c9424"
  dependencies:
    ansi-styles "^3.2.1"
    escape-string-regexp "^1.0.5"
    supports-color "^5.3.0"

clean-css@^4.2.1:
  version "4.2.3"
  resolved "https://registry.yarnpkg.com/clean-css/-/clean-css-4.2.3.tgz#507b5de7d97b48ee53d84adb0160ff6216380f78"
  dependencies:
    source-map "~0.6.0"

color-convert@^1.9.0:
  version "1.9.3"
  resolved "https://registry.yarnpkg.com/color-convert/-/color-convert-1.9.3.tgz#bb71850690e1f136567de629d2d5471deda4c1e8"
  dependencies:
    color-name "1.1.3"

color-name@1.1.3:
  version "1.1.3"
  resolved "https://registry.yarnpkg.com/color-name/-/color-name-1.1.3.tgz#a7d0558bd89c42f795dd42328f740831ca53bc25"

commander@^2.19.0, commander@~2.20.3:
  version "2.20.3"
  resolved "https://registry.yarnpkg.com/commander/-/commander-2.20.3.tgz#fd485e84c03eb4881c20722ba48035e8531aeb33"

compressible@~2.0.16:
  version "2.0.18"
  resolved "https://registry.yarnpkg.com/compressible/-/compressible-2.0.18.tgz#af53cca6b070d4c3c0750fbd77286a6d7cc46fba"
  dependencies:
    mime-db ">= 1.43.0 < 2"

compression@^1.7.1:
  version "1.7.4"
  resolved "https://registry.yarnpkg.com/compression/-/compression-1.7.4.tgz#95523eff170ca57c29a0ca41e6fe131f41e5bb8f"
  dependencies:
    accepts "~1.3.5"
    bytes "3.0.0"
    compressible "~2.0.16"
    debug "2.6.9"
    on-headers "~1.0.2"
    safe-buffer "5.1.2"
    vary "~1.1.2"

concat-map@0.0.1:
  version "0.0.1"
  resolved "https://registry.yarnpkg.com/concat-map/-/concat-map-0.0.1.tgz#d8a96bd77fd68df7793a73036a3ba0d5405d477b"

cross-spawn@^6.0.5:
  version "6.0.5"
  resolved "https://registry.yarnpkg.com/cross-spawn/-/cross-spawn-6.0.5.tgz#4a5ec7c64dfae22c3a14124dbacdee846d80cbc4"
  dependencies:
    nice-try "^1.0.4"
    path-key "^2.0.1"
    semver "^5.5.0"
    shebang-command "^1.2.0"
    which "^1.2.9"

debug@2.6.9:
  version "2.6.9"
  resolved "https://registry.yarnpkg.com/debug/-/debug-2.6.9.tgz#5d128515df134ff327e90a4c93f4e077a536341f"
  dependencies:
    ms "2.0.0"

define-properties@^1.1.2, define-properties@^1.1.3:
  version "1.1.3"
  resolved "https://registry.yarnpkg.com/define-properties/-/define-properties-1.1.3.tgz#cf88da6cbee26fe6db7094f61d870cbd84cee9f1"
  dependencies:
    object-keys "^1.0.12"

error-ex@^1.3.1:
  version "1.3.2"
  resolved "https://registry.yarnpkg.com/error-ex/-/error-ex-1.3.2.tgz#b4ac40648107fdcdcfae242f428bea8a14d4f1bf"
  dependencies:
    is-arrayish "^0.2.1"

es-abstract@^1.17.0-next.1:
  version "1.17.5"
  resolved "https://registry.yarnpkg.com/es-abstract/-/es-abstract-1.17.5.tgz#d8c9d1d66c8981fb9200e2251d799eee92774ae9"
  dependencies:
    es-to-primitive "^1.2.1"
    function-bind "^1.1.1"
    has "^1.0.3"
    has-symbols "^1.0.1"
    is-callable "^1.1.5"
    is-regex "^1.0.5"
    object-inspect "^1.7.0"
    object-keys "^1.1.1"
    object.assign "^4.1.0"
    string.prototype.trimleft "^2.1.1"
    string.prototype.trimright "^2.1.1"

es-to-primitive@^1.2.1:
  version "1.2.1"
  resolved "https://registry.yarnpkg.com/es-to-primitive/-/es-to-primitive-1.2.1.tgz#e55cd4c9cdc188bcefb03b366c736323fc5c898a"
  dependencies:
    is-callable "^1.1.4"
    is-date-object "^1.0.1"
    is-symbol "^1.0.2"

escape-string-regexp@^1.0.5:
  version "1.0.5"
  resolved "https://registry.yarnpkg.com/escape-string-regexp/-/escape-string-regexp-1.0.5.tgz#1b61c0562190a8dff6ae3bb2cf0200ca130b86d4"

estree-walker@^0.6.1:
  version "0.6.1"
  resolved "https://registry.yarnpkg.com/estree-walker/-/estree-walker-0.6.1.tgz#53049143f40c6eb918b23671d1fe3219f3a1b362"

estree-walker@^1.0.1:
  version "1.0.1"
  resolved "https://registry.yarnpkg.com/estree-walker/-/estree-walker-1.0.1.tgz#31bc5d612c96b704106b477e6dd5d8aa138cb700"

function-bind@^1.1.1:
  version "1.1.1"
  resolved "https://registry.yarnpkg.com/function-bind/-/function-bind-1.1.1.tgz#a56899d3ea3c9bab874bb9773b7c5ede92f4895d"

graceful-fs@^4.1.2:
  version "4.2.3"
  resolved "https://registry.yarnpkg.com/graceful-fs/-/graceful-fs-4.2.3.tgz#4a12ff1b60376ef09862c2093edd908328be8423"

has-flag@^3.0.0:
  version "3.0.0"
  resolved "https://registry.yarnpkg.com/has-flag/-/has-flag-3.0.0.tgz#b5d454dc2199ae225699f3467e5a07f3b955bafd"

has-symbols@^1.0.0, has-symbols@^1.0.1:
  version "1.0.1"
  resolved "https://registry.yarnpkg.com/has-symbols/-/has-symbols-1.0.1.tgz#9f5214758a44196c406d9bd76cebf81ec2dd31e8"

has@^1.0.3:
  version "1.0.3"
  resolved "https://registry.yarnpkg.com/has/-/has-1.0.3.tgz#722d7cbfc1f6aa8241f16dd814e011e1f41e8796"
  dependencies:
    function-bind "^1.1.1"

he@^1.2.0:
  version "1.2.0"
  resolved "https://registry.yarnpkg.com/he/-/he-1.2.0.tgz#84ae65fa7eafb165fddb61566ae14baf05664f0f"

hosted-git-info@^2.1.4:
  version "2.8.8"
  resolved "https://registry.yarnpkg.com/hosted-git-info/-/hosted-git-info-2.8.8.tgz#7539bd4bc1e0e0a895815a2e0262420b12858488"

html-minifier@^4.0.0:
  version "4.0.0"
  resolved "https://registry.yarnpkg.com/html-minifier/-/html-minifier-4.0.0.tgz#cca9aad8bce1175e02e17a8c33e46d8988889f56"
  dependencies:
    camel-case "^3.0.0"
    clean-css "^4.2.1"
    commander "^2.19.0"
    he "^1.2.0"
    param-case "^2.1.1"
    relateurl "^0.2.7"
    uglify-js "^3.5.1"

http-link-header@^1.0.2:
  version "1.0.2"
  resolved "https://registry.yarnpkg.com/http-link-header/-/http-link-header-1.0.2.tgz#bea50f02e1c7996021f1013b428c63f77e0f4e11"

is-arrayish@^0.2.1:
  version "0.2.1"
  resolved "https://registry.yarnpkg.com/is-arrayish/-/is-arrayish-0.2.1.tgz#77c99840527aa8ecb1a8ba697b80645a7a926a9d"

is-callable@^1.1.4, is-callable@^1.1.5:
  version "1.1.5"
  resolved "https://registry.yarnpkg.com/is-callable/-/is-callable-1.1.5.tgz#f7e46b596890456db74e7f6e976cb3273d06faab"

is-date-object@^1.0.1:
  version "1.0.2"
  resolved "https://registry.yarnpkg.com/is-date-object/-/is-date-object-1.0.2.tgz#bda736f2cd8fd06d32844e7743bfa7494c3bfd7e"

is-module@^1.0.0:
  version "1.0.0"
  resolved "https://registry.yarnpkg.com/is-module/-/is-module-1.0.0.tgz#3258fb69f78c14d5b815d664336b4cffb6441591"

is-reference@^1.1.2:
  version "1.1.4"
  resolved "https://registry.yarnpkg.com/is-reference/-/is-reference-1.1.4.tgz#3f95849886ddb70256a3e6d062b1a68c13c51427"
  dependencies:
    "@types/estree" "0.0.39"

is-regex@^1.0.5:
  version "1.0.5"
  resolved "https://registry.yarnpkg.com/is-regex/-/is-regex-1.0.5.tgz#39d589a358bf18967f726967120b8fc1aed74eae"
  dependencies:
    has "^1.0.3"

is-symbol@^1.0.2:
  version "1.0.3"
  resolved "https://registry.yarnpkg.com/is-symbol/-/is-symbol-1.0.3.tgz#38e1014b9e6329be0de9d24a414fd7441ec61937"
  dependencies:
    has-symbols "^1.0.1"

isexe@^2.0.0:
  version "2.0.0"
  resolved "https://registry.yarnpkg.com/isexe/-/isexe-2.0.0.tgz#e8fbf374dc556ff8947a10dcb0572d633f2cfa10"

jest-worker@^24.0.0:
  version "24.9.0"
  resolved "https://registry.yarnpkg.com/jest-worker/-/jest-worker-24.9.0.tgz#5dbfdb5b2d322e98567898238a9697bcce67b3e5"
  dependencies:
    merge-stream "^2.0.0"
    supports-color "^6.1.0"

js-tokens@^4.0.0:
  version "4.0.0"
  resolved "https://registry.yarnpkg.com/js-tokens/-/js-tokens-4.0.0.tgz#19203fb59991df98e3a287050d4647cdeaf32499"

json-parse-better-errors@^1.0.1:
  version "1.0.2"
  resolved "https://registry.yarnpkg.com/json-parse-better-errors/-/json-parse-better-errors-1.0.2.tgz#bb867cfb3450e69107c131d1c514bab3dc8bcaa9"

load-json-file@^4.0.0:
  version "4.0.0"
  resolved "https://registry.yarnpkg.com/load-json-file/-/load-json-file-4.0.0.tgz#2f5f45ab91e33216234fd53adab668eb4ec0993b"
  dependencies:
    graceful-fs "^4.1.2"
    parse-json "^4.0.0"
    pify "^3.0.0"
    strip-bom "^3.0.0"

lower-case@^1.1.1:
  version "1.1.4"
  resolved "https://registry.yarnpkg.com/lower-case/-/lower-case-1.1.4.tgz#9a2cabd1b9e8e0ae993a4bf7d5875c39c42e8eac"

magic-string@^0.25.2, magic-string@^0.25.5:
  version "0.25.7"
  resolved "https://registry.yarnpkg.com/magic-string/-/magic-string-0.25.7.tgz#3f497d6fd34c669c6798dcb821f2ef31f5445051"
  dependencies:
    sourcemap-codec "^1.4.4"

memorystream@^0.3.1:
  version "0.3.1"
  resolved "https://registry.yarnpkg.com/memorystream/-/memorystream-0.3.1.tgz#86d7090b30ce455d63fbae12dda51a47ddcaf9b2"

merge-stream@^2.0.0:
  version "2.0.0"
  resolved "https://registry.yarnpkg.com/merge-stream/-/merge-stream-2.0.0.tgz#52823629a14dd00c9770fb6ad47dc6310f2c1f60"

mime-db@1.43.0, "mime-db@>= 1.43.0 < 2":
  version "1.43.0"
  resolved "https://registry.yarnpkg.com/mime-db/-/mime-db-1.43.0.tgz#0a12e0502650e473d735535050e7c8f4eb4fae58"

mime-types@~2.1.24:
  version "2.1.26"
  resolved "https://registry.yarnpkg.com/mime-types/-/mime-types-2.1.26.tgz#9c921fc09b7e149a65dfdc0da4d20997200b0a06"
  dependencies:
    mime-db "1.43.0"

mime@^2.3.1:
  version "2.4.4"
  resolved "https://registry.yarnpkg.com/mime/-/mime-2.4.4.tgz#bd7b91135fc6b01cde3e9bae33d659b63d8857e5"

minimatch@^3.0.4:
  version "3.0.4"
  resolved "https://registry.yarnpkg.com/minimatch/-/minimatch-3.0.4.tgz#5166e286457f03306064be5497e8dbb0c3d32083"
  dependencies:
    brace-expansion "^1.1.7"

ms@2.0.0:
  version "2.0.0"
  resolved "https://registry.yarnpkg.com/ms/-/ms-2.0.0.tgz#5608aeadfc00be6c2901df5f9861788de0d597c8"

negotiator@0.6.2:
  version "0.6.2"
  resolved "https://registry.yarnpkg.com/negotiator/-/negotiator-0.6.2.tgz#feacf7ccf525a77ae9634436a64883ffeca346fb"

nice-try@^1.0.4:
  version "1.0.5"
  resolved "https://registry.yarnpkg.com/nice-try/-/nice-try-1.0.5.tgz#a3378a7696ce7d223e88fc9b764bd7ef1089e366"

no-case@^2.2.0:
  version "2.3.2"
  resolved "https://registry.yarnpkg.com/no-case/-/no-case-2.3.2.tgz#60b813396be39b3f1288a4c1ed5d1e7d28b464ac"
  dependencies:
    lower-case "^1.1.1"

normalize-package-data@^2.3.2:
  version "2.5.0"
  resolved "https://registry.yarnpkg.com/normalize-package-data/-/normalize-package-data-2.5.0.tgz#e66db1838b200c1dfc233225d12cb36520e234a8"
  dependencies:
    hosted-git-info "^2.1.4"
    resolve "^1.10.0"
    semver "2 || 3 || 4 || 5"
    validate-npm-package-license "^3.0.1"

npm-run-all@^4.1.5:
  version "4.1.5"
  resolved "https://registry.yarnpkg.com/npm-run-all/-/npm-run-all-4.1.5.tgz#04476202a15ee0e2e214080861bff12a51d98fba"
  dependencies:
    ansi-styles "^3.2.1"
    chalk "^2.4.1"
    cross-spawn "^6.0.5"
    memorystream "^0.3.1"
    minimatch "^3.0.4"
    pidtree "^0.3.0"
    read-pkg "^3.0.0"
    shell-quote "^1.6.1"
    string.prototype.padend "^3.0.0"

object-inspect@^1.7.0:
  version "1.7.0"
  resolved "https://registry.yarnpkg.com/object-inspect/-/object-inspect-1.7.0.tgz#f4f6bd181ad77f006b5ece60bd0b6f398ff74a67"

object-keys@^1.0.11, object-keys@^1.0.12, object-keys@^1.1.1:
  version "1.1.1"
  resolved "https://registry.yarnpkg.com/object-keys/-/object-keys-1.1.1.tgz#1c47f272df277f3b1daf061677d9c82e2322c60e"

object.assign@^4.1.0:
  version "4.1.0"
  resolved "https://registry.yarnpkg.com/object.assign/-/object.assign-4.1.0.tgz#968bf1100d7956bb3ca086f006f846b3bc4008da"
  dependencies:
    define-properties "^1.1.2"
    function-bind "^1.1.1"
    has-symbols "^1.0.0"
    object-keys "^1.0.11"

on-headers@~1.0.2:
  version "1.0.2"
  resolved "https://registry.yarnpkg.com/on-headers/-/on-headers-1.0.2.tgz#772b0ae6aaa525c399e489adfad90c403eb3c28f"

param-case@^2.1.1:
  version "2.1.1"
  resolved "https://registry.yarnpkg.com/param-case/-/param-case-2.1.1.tgz#df94fd8cf6531ecf75e6bef9a0858fbc72be2247"
  dependencies:
    no-case "^2.2.0"

parse-json@^4.0.0:
  version "4.0.0"
  resolved "https://registry.yarnpkg.com/parse-json/-/parse-json-4.0.0.tgz#be35f5425be1f7f6c747184f98a788cb99477ee0"
  dependencies:
    error-ex "^1.3.1"
    json-parse-better-errors "^1.0.1"

path-key@^2.0.1:
  version "2.0.1"
  resolved "https://registry.yarnpkg.com/path-key/-/path-key-2.0.1.tgz#411cadb574c5a140d3a4b1910d40d80cc9f40b40"

path-parse@^1.0.6:
  version "1.0.6"
  resolved "https://registry.yarnpkg.com/path-parse/-/path-parse-1.0.6.tgz#d62dbb5679405d72c4737ec58600e9ddcf06d24c"

path-type@^3.0.0:
  version "3.0.0"
  resolved "https://registry.yarnpkg.com/path-type/-/path-type-3.0.0.tgz#cef31dc8e0a1a3bb0d105c0cd97cf3bf47f4e36f"
  dependencies:
    pify "^3.0.0"

pidtree@^0.3.0:
  version "0.3.0"
  resolved "https://registry.yarnpkg.com/pidtree/-/pidtree-0.3.0.tgz#f6fada10fccc9f99bf50e90d0b23d72c9ebc2e6b"

pify@^3.0.0:
  version "3.0.0"
  resolved "https://registry.yarnpkg.com/pify/-/pify-3.0.0.tgz#e5a4acd2c101fdf3d9a4d07f0dbc4db49dd28176"

polka@next:
  version "1.0.0-next.11"
  resolved "https://registry.yarnpkg.com/polka/-/polka-1.0.0-next.11.tgz#b1543043c6e5e3c19f6b8f6835b41dfcc13be583"
  dependencies:
    "@polka/url" "^1.0.0-next.11"
    trouter "^3.1.0"

read-pkg@^3.0.0:
  version "3.0.0"
  resolved "https://registry.yarnpkg.com/read-pkg/-/read-pkg-3.0.0.tgz#9cbc686978fee65d16c00e2b19c237fcf6e38389"
  dependencies:
    load-json-file "^4.0.0"
    normalize-package-data "^2.3.2"
    path-type "^3.0.0"

regexparam@^1.3.0:
  version "1.3.0"
  resolved "https://registry.yarnpkg.com/regexparam/-/regexparam-1.3.0.tgz#2fe42c93e32a40eff6235d635e0ffa344b92965f"

relateurl@^0.2.7:
  version "0.2.7"
  resolved "https://registry.yarnpkg.com/relateurl/-/relateurl-0.2.7.tgz#54dbf377e51440aca90a4cd274600d3ff2d888a9"

require-relative@^0.8.7:
  version "0.8.7"
  resolved "https://registry.yarnpkg.com/require-relative/-/require-relative-0.8.7.tgz#7999539fc9e047a37928fa196f8e1563dabd36de"

resolve@^1.10.0, resolve@^1.11.0, resolve@^1.14.2:
  version "1.15.1"
  resolved "https://registry.yarnpkg.com/resolve/-/resolve-1.15.1.tgz#27bdcdeffeaf2d6244b95bb0f9f4b4653451f3e8"
  dependencies:
    path-parse "^1.0.6"

rollup-plugin-svelte@^5.0.1:
  version "5.1.1"
  resolved "https://registry.yarnpkg.com/rollup-plugin-svelte/-/rollup-plugin-svelte-5.1.1.tgz#0094f94e7e6ff7579bcd9f7769b454751ba670e1"
  dependencies:
    require-relative "^0.8.7"
    rollup-pluginutils "^2.3.3"
    sourcemap-codec "^1.4.4"

rollup-plugin-terser@^4.0.4:
  version "4.0.4"
  resolved "https://registry.yarnpkg.com/rollup-plugin-terser/-/rollup-plugin-terser-4.0.4.tgz#6f661ef284fa7c27963d242601691dc3d23f994e"
  dependencies:
    "@babel/code-frame" "^7.0.0"
    jest-worker "^24.0.0"
    serialize-javascript "^1.6.1"
    terser "^3.14.1"

rollup-pluginutils@^2.3.3:
  version "2.8.2"
  resolved "https://registry.yarnpkg.com/rollup-pluginutils/-/rollup-pluginutils-2.8.2.tgz#72f2af0748b592364dbd3389e600e5a9444a351e"
  dependencies:
    estree-walker "^0.6.1"

rollup@^1.20.0:
  version "1.32.1"
  resolved "https://registry.yarnpkg.com/rollup/-/rollup-1.32.1.tgz#4480e52d9d9e2ae4b46ba0d9ddeaf3163940f9c4"
  dependencies:
    "@types/estree" "*"
    "@types/node" "*"
    acorn "^7.1.0"

safe-buffer@5.1.2:
  version "5.1.2"
  resolved "https://registry.yarnpkg.com/safe-buffer/-/safe-buffer-5.1.2.tgz#991ec69d296e0313747d59bdfd2b745c35f8828d"

sapper@^0.27.0:
  version "0.27.11"
  resolved "https://registry.yarnpkg.com/sapper/-/sapper-0.27.11.tgz#46877abe8a386bee62b9decfe9932fe37f5464f7"
  dependencies:
    html-minifier "^4.0.0"
    http-link-header "^1.0.2"
    shimport "^1.0.1"
    sourcemap-codec "^1.4.6"
    string-hash "^1.1.3"

"semver@2 || 3 || 4 || 5", semver@^5.5.0:
  version "5.7.1"
  resolved "https://registry.yarnpkg.com/semver/-/semver-5.7.1.tgz#a954f931aeba508d307bbf069eff0c01c96116f7"

serialize-javascript@^1.6.1:
  version "1.9.1"
  resolved "https://registry.yarnpkg.com/serialize-javascript/-/serialize-javascript-1.9.1.tgz#cfc200aef77b600c47da9bb8149c943e798c2fdb"

shebang-command@^1.2.0:
  version "1.2.0"
  resolved "https://registry.yarnpkg.com/shebang-command/-/shebang-command-1.2.0.tgz#44aac65b695b03398968c39f363fee5deafdf1ea"
  dependencies:
    shebang-regex "^1.0.0"

shebang-regex@^1.0.0:
  version "1.0.0"
  resolved "https://registry.yarnpkg.com/shebang-regex/-/shebang-regex-1.0.0.tgz#da42f49740c0b42db2ca9728571cb190c98efea3"

shell-quote@^1.6.1:
  version "1.7.2"
  resolved "https://registry.yarnpkg.com/shell-quote/-/shell-quote-1.7.2.tgz#67a7d02c76c9da24f99d20808fcaded0e0e04be2"

shimport@^1.0.1:
  version "1.0.1"
  resolved "https://registry.yarnpkg.com/shimport/-/shimport-1.0.1.tgz#32ea5637e7707fdfa9037516f8c2a97786fc9031"

sirv@^0.4.0:
  version "0.4.2"
  resolved "https://registry.yarnpkg.com/sirv/-/sirv-0.4.2.tgz#842ed22f3aab58faee84eea66cf66066e123d6db"
  dependencies:
    "@polka/url" "^0.5.0"
    mime "^2.3.1"

source-map-support@~0.5.10:
  version "0.5.16"
  resolved "https://registry.yarnpkg.com/source-map-support/-/source-map-support-0.5.16.tgz#0ae069e7fe3ba7538c64c98515e35339eac5a042"
  dependencies:
    buffer-from "^1.0.0"
    source-map "^0.6.0"

source-map@^0.6.0, source-map@~0.6.0, source-map@~0.6.1:
  version "0.6.1"
  resolved "https://registry.yarnpkg.com/source-map/-/source-map-0.6.1.tgz#74722af32e9614e9c287a8d0bbde48b5e2f1a263"

sourcemap-codec@^1.4.4, sourcemap-codec@^1.4.6:
  version "1.4.8"
  resolved "https://registry.yarnpkg.com/sourcemap-codec/-/sourcemap-codec-1.4.8.tgz#ea804bd94857402e6992d05a38ef1ae35a9ab4c4"

spdx-correct@^3.0.0:
  version "3.1.0"
  resolved "https://registry.yarnpkg.com/spdx-correct/-/spdx-correct-3.1.0.tgz#fb83e504445268f154b074e218c87c003cd31df4"
  dependencies:
    spdx-expression-parse "^3.0.0"
    spdx-license-ids "^3.0.0"

spdx-exceptions@^2.1.0:
  version "2.2.0"
  resolved "https://registry.yarnpkg.com/spdx-exceptions/-/spdx-exceptions-2.2.0.tgz#2ea450aee74f2a89bfb94519c07fcd6f41322977"

spdx-expression-parse@^3.0.0:
  version "3.0.0"
  resolved "https://registry.yarnpkg.com/spdx-expression-parse/-/spdx-expression-parse-3.0.0.tgz#99e119b7a5da00e05491c9fa338b7904823b41d0"
  dependencies:
    spdx-exceptions "^2.1.0"
    spdx-license-ids "^3.0.0"

spdx-license-ids@^3.0.0:
  version "3.0.5"
  resolved "https://registry.yarnpkg.com/spdx-license-ids/-/spdx-license-ids-3.0.5.tgz#3694b5804567a458d3c8045842a6358632f62654"

string-hash@^1.1.3:
  version "1.1.3"
  resolved "https://registry.yarnpkg.com/string-hash/-/string-hash-1.1.3.tgz#e8aafc0ac1855b4666929ed7dd1275df5d6c811b"

string.prototype.padend@^3.0.0:
  version "3.1.0"
  resolved "https://registry.yarnpkg.com/string.prototype.padend/-/string.prototype.padend-3.1.0.tgz#dc08f57a8010dc5c153550318f67e13adbb72ac3"
  dependencies:
    define-properties "^1.1.3"
    es-abstract "^1.17.0-next.1"

string.prototype.trimleft@^2.1.1:
  version "2.1.1"
  resolved "https://registry.yarnpkg.com/string.prototype.trimleft/-/string.prototype.trimleft-2.1.1.tgz#9bdb8ac6abd6d602b17a4ed321870d2f8dcefc74"
  dependencies:
    define-properties "^1.1.3"
    function-bind "^1.1.1"

string.prototype.trimright@^2.1.1:
  version "2.1.1"
  resolved "https://registry.yarnpkg.com/string.prototype.trimright/-/string.prototype.trimright-2.1.1.tgz#440314b15996c866ce8a0341894d45186200c5d9"
  dependencies:
    define-properties "^1.1.3"
    function-bind "^1.1.1"

strip-bom@^3.0.0:
  version "3.0.0"
  resolved "https://registry.yarnpkg.com/strip-bom/-/strip-bom-3.0.0.tgz#2334c18e9c759f7bdd56fdef7e9ae3d588e68ed3"

supports-color@^5.3.0:
  version "5.5.0"
  resolved "https://registry.yarnpkg.com/supports-color/-/supports-color-5.5.0.tgz#e2e69a44ac8772f78a1ec0b35b689df6530efc8f"
  dependencies:
    has-flag "^3.0.0"

supports-color@^6.1.0:
  version "6.1.0"
  resolved "https://registry.yarnpkg.com/supports-color/-/supports-color-6.1.0.tgz#0764abc69c63d5ac842dd4867e8d025e880df8f3"
  dependencies:
    has-flag "^3.0.0"

svelte@^3.0.0:
  version "3.20.1"
  resolved "https://registry.yarnpkg.com/svelte/-/svelte-3.20.1.tgz#8417fcd883a2f534b642a0737368272e651cf3ac"

terser@^3.14.1:
  version "3.17.0"
  resolved "https://registry.yarnpkg.com/terser/-/terser-3.17.0.tgz#f88ffbeda0deb5637f9d24b0da66f4e15ab10cb2"
  dependencies:
    commander "^2.19.0"
    source-map "~0.6.1"
    source-map-support "~0.5.10"

trouter@^3.1.0:
  version "3.1.0"
  resolved "https://registry.yarnpkg.com/trouter/-/trouter-3.1.0.tgz#76f4faea81d5ebd11bba4762c664a3b55eda9b23"
  dependencies:
    regexparam "^1.3.0"

uglify-js@^3.5.1:
  version "3.8.0"
  resolved "https://registry.yarnpkg.com/uglify-js/-/uglify-js-3.8.0.tgz#f3541ae97b2f048d7e7e3aa4f39fd8a1f5d7a805"
  dependencies:
    commander "~2.20.3"
    source-map "~0.6.1"

upper-case@^1.1.1:
  version "1.1.3"
  resolved "https://registry.yarnpkg.com/upper-case/-/upper-case-1.1.3.tgz#f6b4501c2ec4cdd26ba78be7222961de77621598"

validate-npm-package-license@^3.0.1:
  version "3.0.4"
  resolved "https://registry.yarnpkg.com/validate-npm-package-license/-/validate-npm-package-license-3.0.4.tgz#fc91f6b9c7ba15c857f4cb2c5defeec39d4f410a"
  dependencies:
    spdx-correct "^3.0.0"
    spdx-expression-parse "^3.0.0"

vary@~1.1.2:
  version "1.1.2"
  resolved "https://registry.yarnpkg.com/vary/-/vary-1.1.2.tgz#2299f02c6ded30d4a5961b0b9f74524a18f634fc"

which@^1.2.9:
  version "1.3.1"
  resolved "https://registry.yarnpkg.com/which/-/which-1.3.1.tgz#a45043d54f5805316da8d62f9f50918d3da70b0a"
  dependencies:
    isexe "^2.0.0"
